
Microsoft Visual Studio Solution File, Format Version 12.00
# Visual Studio Version 17
VisualStudioVersion = 17.1.32210.238
MinimumVisualStudioVersion = 10.0.40219.1
Project("{9A19103F-16F7-4668-BE54-9A1E7A4F7556}") = "DocumentParser.Functions", "DocumentParser.Functions\DocumentParser.Functions.csproj", "{81D05363-AA13-4FEB-A138-CBB04B684B18}"
EndProject
Project("{9A19103F-16F7-4668-BE54-9A1E7A4F7556}") = "DocumentParser.Business", "DocumentParser.Business\DocumentParser.Business.csproj", "{55362E1A-7510-487D-B644-7A82B8CAC1CD}"
EndProject
Project("{9A19103F-16F7-4668-BE54-9A1E7A4F7556}") = "DocumentParser.Models", "DocumentParser.Models\DocumentParser.Models.csproj", "{358A1574-ED9D-40BA-85CC-FA8ADDC960D4}"
EndProject
Project("{2150E333-8FDC-42A3-9474-1A3956D46DE8}") = "Solution Items", "Solution Items", "{7CCB1A9A-27FF-40BA-A3E5-D5CC947ECA86}"
	ProjectSection(SolutionItems) = preProject
		.gitignore = .gitignore
		DocumentParser_Architecture.png = DocumentParser_Architecture.png
		README.md = README.md
	EndProjectSection
EndProject
Global
	GlobalSection(SolutionConfigurationPlatforms) = preSolution
		Debug|Any CPU = Debug|Any CPU
		Debug|x64 = Debug|x64
		Release|Any CPU = Release|Any CPU
		Release|x64 = Release|x64
	EndGlobalSection
	GlobalSection(ProjectConfigurationPlatforms) = postSolution
		{81D05363-AA13-4FEB-A138-CBB04B684B18}.Debug|Any CPU.ActiveCfg = Debug|Any CPU
		{81D05363-AA13-4FEB-A138-CBB04B684B18}.Debug|Any CPU.Build.0 = Debug|Any CPU
		{81D05363-AA13-4FEB-A138-CBB04B684B18}.Debug|x64.ActiveCfg = Debug|x64
		{81D05363-AA13-4FEB-A138-CBB04B684B18}.Debug|x64.Build.0 = Debug|x64
		{81D05363-AA13-4FEB-A138-CBB04B684B18}.Release|Any CPU.ActiveCfg = Release|Any CPU
		{81D05363-AA13-4FEB-A138-CBB04B684B18}.Release|Any CPU.Build.0 = Release|Any CPU
		{81D05363-AA13-4FEB-A138-CBB04B684B18}.Release|x64.ActiveCfg = Release|x64
		{81D05363-AA13-4FEB-A138-CBB04B684B18}.Release|x64.Build.0 = Release|x64
		{55362E1A-7510-487D-B644-7A82B8CAC1CD}.Debug|Any CPU.ActiveCfg = Debug|Any CPU
		{55362E1A-7510-487D-B644-7A82B8CAC1CD}.Debug|Any CPU.Build.0 = Debug|Any CPU
		{55362E1A-7510-487D-B644-7A82B8CAC1CD}.Debug|x64.ActiveCfg = Debug|x64
		{55362E1A-7510-487D-B644-7A82B8CAC1CD}.Debug|x64.Build.0 = Debug|x64
		{55362E1A-7510-487D-B644-7A82B8CAC1CD}.Release|Any CPU.ActiveCfg = Release|Any CPU
		{55362E1A-7510-487D-B644-7A82B8CAC1CD}.Release|Any CPU.Build.0 = Release|Any CPU
		{55362E1A-7510-487D-B644-7A82B8CAC1CD}.Release|x64.ActiveCfg = Release|x64
		{55362E1A-7510-487D-B644-7A82B8CAC1CD}.Release|x64.Build.0 = Release|x64
		{358A1574-ED9D-40BA-85CC-FA8ADDC960D4}.Debug|Any CPU.ActiveCfg = Debug|Any CPU
		{358A1574-ED9D-40BA-85CC-FA8ADDC960D4}.Debug|Any CPU.Build.0 = Debug|Any CPU
		{358A1574-ED9D-40BA-85CC-FA8ADDC960D4}.Debug|x64.ActiveCfg = Debug|x64
		{358A1574-ED9D-40BA-85CC-FA8ADDC960D4}.Debug|x64.Build.0 = Debug|x64
		{358A1574-ED9D-40BA-85CC-FA8ADDC960D4}.Release|Any CPU.ActiveCfg = Release|Any CPU
		{358A1574-ED9D-40BA-85CC-FA8ADDC960D4}.Release|Any CPU.Build.0 = Release|Any CPU
		{358A1574-ED9D-40BA-85CC-FA8ADDC960D4}.Release|x64.ActiveCfg = Release|x64
		{358A1574-ED9D-40BA-85CC-FA8ADDC960D4}.Release|x64.Build.0 = Release|x64
	EndGlobalSection
	GlobalSection(SolutionProperties) = preSolution
		HideSolutionNode = FALSE
	EndGlobalSection
	GlobalSection(ExtensibilityGlobals) = postSolution
		SolutionGuid = {127A9B52-DA58-403B-B553-A71211E3DCFA}
	EndGlobalSection
EndGlobal
